
Microsoft Visual Studio Solution File, Format Version 12.00
# Visual Studio 15
VisualStudioVersion = 15.0.26730.16
MinimumVisualStudioVersion = 10.0.40219.1
Project("{9A19103F-16F7-4668-BE54-9A1E7A4F7556}") = "TianCheng.Excel", "src\TianCheng.Excel.csproj", "{119E64B6-80A5-495A-B1FA-5174C34B933A}"
EndProject
Global
	GlobalSection(SolutionConfigurationPlatforms) = preSolution
		Debug|Any CPU = Debug|Any CPU
		Release|Any CPU = Release|Any CPU
	EndGlobalSection
	GlobalSection(ProjectConfigurationPlatforms) = postSolution
		{119E64B6-80A5-495A-B1FA-5174C34B933A}.Debug|Any CPU.ActiveCfg = Debug|Any CPU
		{119E64B6-80A5-495A-B1FA-5174C34B933A}.Debug|Any CPU.Build.0 = Debug|Any CPU
		{119E64B6-80A5-495A-B1FA-5174C34B933A}.Release|Any CPU.ActiveCfg = Release|Any CPU
		{119E64B6-80A5-495A-B1FA-5174C34B933A}.Release|Any CPU.Build.0 = Release|Any CPU
	EndGlobalSection
	GlobalSection(SolutionProperties) = preSolution
		HideSolutionNode = FALSE
	EndGlobalSection
	GlobalSection(ExtensibilityGlobals) = postSolution
		SolutionGuid = {114F459E-8531-4EFF-B278-BA736A31B444}
	EndGlobalSection
EndGlobal
